
Microsoft Visual Studio Solution File, Format Version 12.00
# Visual Studio Version 16
VisualStudioVersion = 16.0.30523.141
MinimumVisualStudioVersion = 10.0.40219.1
Project("{FAE04EC0-301F-11D3-BF4B-00C04F79EFBC}") = "CIT 110 CAPSTONE", "CIT 110 CAPSTONE\CIT 110 CAPSTONE.csproj", "{BA9FEF33-3534-44E5-BC26-0737A0DD6F8F}"
EndProject
Global
	GlobalSection(SolutionConfigurationPlatforms) = preSolution
		Debug|Any CPU = Debug|Any CPU
		Release|Any CPU = Release|Any CPU
	EndGlobalSection
	GlobalSection(ProjectConfigurationPlatforms) = postSolution
		{BA9FEF33-3534-44E5-BC26-0737A0DD6F8F}.Debug|Any CPU.ActiveCfg = Debug|Any CPU
		{BA9FEF33-3534-44E5-BC26-0737A0DD6F8F}.Debug|Any CPU.Build.0 = Debug|Any CPU
		{BA9FEF33-3534-44E5-BC26-0737A0DD6F8F}.Release|Any CPU.ActiveCfg = Release|Any CPU
		{BA9FEF33-3534-44E5-BC26-0737A0DD6F8F}.Release|Any CPU.Build.0 = Release|Any CPU
	EndGlobalSection
	GlobalSection(SolutionProperties) = preSolution
		HideSolutionNode = FALSE
	EndGlobalSection
	GlobalSection(ExtensibilityGlobals) = postSolution
		SolutionGuid = {BE6C406D-B551-4CB3-AFE0-BAE0411B5F94}
	EndGlobalSection
EndGlobal
